
Microsoft Visual Studio Solution File, Format Version 12.00
# Visual Studio Version 16
VisualStudioVersion = 16.0.29911.84
MinimumVisualStudioVersion = 10.0.40219.1
Project("{FAE04EC0-301F-11D3-BF4B-00C04F79EFBC}") = "Question Grinder", "Question Grinder.csproj", "{D180241C-82B5-41D9-8D4A-9FC2A90F70BE}"
EndProject
Global
	GlobalSection(SolutionConfigurationPlatforms) = preSolution
		Debug|Any CPU = Debug|Any CPU
		Release|Any CPU = Release|Any CPU
	EndGlobalSection
	GlobalSection(ProjectConfigurationPlatforms) = postSolution
		{D180241C-82B5-41D9-8D4A-9FC2A90F70BE}.Debug|Any CPU.ActiveCfg = Debug|Any CPU
		{D180241C-82B5-41D9-8D4A-9FC2A90F70BE}.Debug|Any CPU.Build.0 = Debug|Any CPU
		{D180241C-82B5-41D9-8D4A-9FC2A90F70BE}.Release|Any CPU.ActiveCfg = Release|Any CPU
		{D180241C-82B5-41D9-8D4A-9FC2A90F70BE}.Release|Any CPU.Build.0 = Release|Any CPU
	EndGlobalSection
	GlobalSection(SolutionProperties) = preSolution
		HideSolutionNode = FALSE
	EndGlobalSection
	GlobalSection(ExtensibilityGlobals) = postSolution
		SolutionGuid = {E395BB77-9887-45C1-B2D5-B3DF96331570}
	EndGlobalSection
EndGlobal
